// !$*UTF8*$!
{
	archiveVersion = 1;
	classes = {
	};
	objectVersion = 55;
	objects = {

/* Begin PBXBuildFile section */
		F421D4702B750E0F004ECBB0 /* adler32.c in Sources */ = {isa = PBXBuildFile; fileRef = F421D46F2B750E0F004ECBB0 /* adler32.c */; settings = {COMPILER_FLAGS = "-w"; }; };
		F421D4722B750E18004ECBB0 /* compress.c in Sources */ = {isa = PBXBuildFile; fileRef = F421D4712B750E18004ECBB0 /* compress.c */; settings = {COMPILER_FLAGS = "-w"; }; };
		F421D4742B750E21004ECBB0 /* crc32.c in Sources */ = {isa = PBXBuildFile; fileRef = F421D4732B750E21004ECBB0 /* crc32.c */; settings = {COMPILER_FLAGS = "-w"; }; };
		F421D47C2B750EAE004ECBB0 /* inflate.c in Sources */ = {isa = PBXBuildFile; fileRef = F421D4752B750EAE004ECBB0 /* inflate.c */; settings = {COMPILER_FLAGS = "-w"; }; };
		F421D47D2B750EAE004ECBB0 /* deflate.c in Sources */ = {isa = PBXBuildFile; fileRef = F421D4762B750EAE004ECBB0 /* deflate.c */; settings = {COMPILER_FLAGS = "-w"; }; };
		F421D47E2B750EAE004ECBB0 /* inffast.c in Sources */ = {isa = PBXBuildFile; fileRef = F421D4772B750EAE004ECBB0 /* inffast.c */; settings = {COMPILER_FLAGS = "-w"; }; };
		F421D47F2B750EAE004ECBB0 /* zutil.c in Sources */ = {isa = PBXBuildFile; fileRef = F421D4782B750EAE004ECBB0 /* zutil.c */; settings = {COMPILER_FLAGS = "-w"; }; };
		F421D4802B750EAE004ECBB0 /* trees.c in Sources */ = {isa = PBXBuildFile; fileRef = F421D4792B750EAE004ECBB0 /* trees.c */; settings = {COMPILER_FLAGS = "-w"; }; };
		F421D4812B750EAE004ECBB0 /* inftrees.c in Sources */ = {isa = PBXBuildFile; fileRef = F421D47A2B750EAE004ECBB0 /* inftrees.c */; settings = {COMPILER_FLAGS = "-w"; }; };
		F421D4822B750EAE004ECBB0 /* uncompr.c in Sources */ = {isa = PBXBuildFile; fileRef = F421D47B2B750EAE004ECBB0 /* uncompr.c */; settings = {COMPILER_FLAGS = "-w"; }; };
		F4C07F522AB059580044EDC0 /* pch.cpp in Sources */ = {isa = PBXBuildFile; fileRef = F4C07F512AB059580044EDC0 /* pch.cpp */; };
		F4C07F552AB05B5B0044EDC0 /* main.cpp in Sources */ = {isa = PBXBuildFile; fileRef = F4C07F542AB05B5B0044EDC0 /* main.cpp */; };
/* End PBXBuildFile section */

/* Begin PBXCopyFilesBuildPhase section */
		F4B7FBDA2AAF49BC00C6BE9F /* CopyFiles */ = {
			isa = PBXCopyFilesBuildPhase;
			buildActionMask = 2147483647;
			dstPath = /usr/share/man/man1/;
			dstSubfolderSpec = 0;
			files = (
			);
			runOnlyForDeploymentPostprocessing = 1;
		};
/* End PBXCopyFilesBuildPhase section */

/* Begin PBXFileReference section */
		F4213D172ABB14C600F72674 /* vector_queue.hpp */ = {isa = PBXFileReference; fileEncoding = 4; lastKnownFileType = sourcecode.cpp.h; name = vector_queue.hpp; path = ../include/stdex/vector_queue.hpp; sourceTree = "<group>"; };
		F4213D182ABB14C600F72674 /* base64.hpp */ = {isa = PBXFileReference; fileEncoding = 4; lastKnownFileType = sourcecode.cpp.h; name = base64.hpp; path = ../include/stdex/base64.hpp; sourceTree = "<group>"; };
		F4213D192ABB14C600F72674 /* chrono.hpp */ = {isa = PBXFileReference; fileEncoding = 4; lastKnownFileType = sourcecode.cpp.h; name = chrono.hpp; path = ../include/stdex/chrono.hpp; sourceTree = "<group>"; };
		F4213D1A2ABB14C600F72674 /* exception.hpp */ = {isa = PBXFileReference; fileEncoding = 4; lastKnownFileType = sourcecode.cpp.h; name = exception.hpp; path = ../include/stdex/exception.hpp; sourceTree = "<group>"; };
		F4213D1B2ABB14C600F72674 /* idrec.hpp */ = {isa = PBXFileReference; fileEncoding = 4; lastKnownFileType = sourcecode.cpp.h; name = idrec.hpp; path = ../include/stdex/idrec.hpp; sourceTree = "<group>"; };
		F4213D1C2ABB14C600F72674 /* compat.hpp */ = {isa = PBXFileReference; fileEncoding = 4; lastKnownFileType = sourcecode.cpp.h; name = compat.hpp; path = ../include/stdex/compat.hpp; sourceTree = "<group>"; };
		F4213D1D2ABB14C600F72674 /* errno.hpp */ = {isa = PBXFileReference; fileEncoding = 4; lastKnownFileType = sourcecode.cpp.h; name = errno.hpp; path = ../include/stdex/errno.hpp; sourceTree = "<group>"; };
		F4213D1E2ABB14C600F72674 /* progress.hpp */ = {isa = PBXFileReference; fileEncoding = 4; lastKnownFileType = sourcecode.cpp.h; name = progress.hpp; path = ../include/stdex/progress.hpp; sourceTree = "<group>"; };
		F4213D1F2ABB14C600F72674 /* stream.hpp */ = {isa = PBXFileReference; fileEncoding = 4; lastKnownFileType = sourcecode.cpp.h; name = stream.hpp; path = ../include/stdex/stream.hpp; sourceTree = "<group>"; };
		F4213D202ABB14C600F72674 /* memory.hpp */ = {isa = PBXFileReference; fileEncoding = 4; lastKnownFileType = sourcecode.cpp.h; name = memory.hpp; path = ../include/stdex/memory.hpp; sourceTree = "<group>"; };
		F4213D212ABB14C600F72674 /* interval.hpp */ = {isa = PBXFileReference; fileEncoding = 4; lastKnownFileType = sourcecode.cpp.h; name = interval.hpp; path = ../include/stdex/interval.hpp; sourceTree = "<group>"; };
		F4213D222ABB14C600F72674 /* ring.hpp */ = {isa = PBXFileReference; fileEncoding = 4; lastKnownFileType = sourcecode.cpp.h; name = ring.hpp; path = ../include/stdex/ring.hpp; sourceTree = "<group>"; };
		F4213D232ABB14C600F72674 /* unicode.hpp */ = {isa = PBXFileReference; fileEncoding = 4; lastKnownFileType = sourcecode.cpp.h; name = unicode.hpp; path = ../include/stdex/unicode.hpp; sourceTree = "<group>"; };
		F4213D242ABB14C600F72674 /* string.hpp */ = {isa = PBXFileReference; fileEncoding = 4; lastKnownFileType = sourcecode.cpp.h; name = string.hpp; path = ../include/stdex/string.hpp; sourceTree = "<group>"; };
		F4213D252ABB14C600F72674 /* mapping.hpp */ = {isa = PBXFileReference; fileEncoding = 4; lastKnownFileType = sourcecode.cpp.h; name = mapping.hpp; path = ../include/stdex/mapping.hpp; sourceTree = "<group>"; };
		F4213D262ABB14C600F72674 /* hex.hpp */ = {isa = PBXFileReference; fileEncoding = 4; lastKnownFileType = sourcecode.cpp.h; name = hex.hpp; path = ../include/stdex/hex.hpp; sourceTree = "<group>"; };
		F4213D272ABB14C600F72674 /* endian.hpp */ = {isa = PBXFileReference; fileEncoding = 4; lastKnownFileType = sourcecode.cpp.h; name = endian.hpp; path = ../include/stdex/endian.hpp; sourceTree = "<group>"; };
		F4213D282ABB14C600F72674 /* math.hpp */ = {isa = PBXFileReference; fileEncoding = 4; lastKnownFileType = sourcecode.cpp.h; name = math.hpp; path = ../include/stdex/math.hpp; sourceTree = "<group>"; };
		F4213D292ABB14C600F72674 /* parser.hpp */ = {isa = PBXFileReference; fileEncoding = 4; lastKnownFileType = sourcecode.cpp.h; name = parser.hpp; path = ../include/stdex/parser.hpp; sourceTree = "<group>"; };
		F4213D2A2ABB14C600F72674 /* sgml_unicode.hpp */ = {isa = PBXFileReference; fileEncoding = 4; lastKnownFileType = sourcecode.cpp.h; name = sgml_unicode.hpp; path = ../include/stdex/sgml_unicode.hpp; sourceTree = "<group>"; };
		F4213D2B2ABB14C600F72674 /* sgml.hpp */ = {isa = PBXFileReference; fileEncoding = 4; lastKnownFileType = sourcecode.cpp.h; name = sgml.hpp; path = ../include/stdex/sgml.hpp; sourceTree = "<group>"; };
		F4213D2C2ABB14C600F72674 /* system.hpp */ = {isa = PBXFileReference; fileEncoding = 4; lastKnownFileType = sourcecode.cpp.h; name = system.hpp; path = ../include/stdex/system.hpp; sourceTree = "<group>"; };
		F421D46B2B750BFD004ECBB0 /* zlib.cpp */ = {isa = PBXFileReference; lastKnownFileType = sourcecode.cpp.cpp; path = zlib.cpp; sourceTree = "<group>"; };
		F421D46F2B750E0F004ECBB0 /* adler32.c */ = {isa = PBXFileReference; fileEncoding = 4; lastKnownFileType = sourcecode.c.c; path = adler32.c; sourceTree = "<group>"; };
		F421D4712B750E18004ECBB0 /* compress.c */ = {isa = PBXFileReference; fileEncoding = 4; lastKnownFileType = sourcecode.c.c; path = compress.c; sourceTree = "<group>"; };
		F421D4732B750E21004ECBB0 /* crc32.c */ = {isa = PBXFileReference; fileEncoding = 4; lastKnownFileType = sourcecode.c.c; path = crc32.c; sourceTree = "<group>"; };
		F421D4752B750EAE004ECBB0 /* inflate.c */ = {isa = PBXFileReference; fileEncoding = 4; lastKnownFileType = sourcecode.c.c; path = inflate.c; sourceTree = "<group>"; };
		F421D4762B750EAE004ECBB0 /* deflate.c */ = {isa = PBXFileReference; fileEncoding = 4; lastKnownFileType = sourcecode.c.c; path = deflate.c; sourceTree = "<group>"; };
		F421D4772B750EAE004ECBB0 /* inffast.c */ = {isa = PBXFileReference; fileEncoding = 4; lastKnownFileType = sourcecode.c.c; path = inffast.c; sourceTree = "<group>"; };
		F421D4782B750EAE004ECBB0 /* zutil.c */ = {isa = PBXFileReference; fileEncoding = 4; lastKnownFileType = sourcecode.c.c; path = zutil.c; sourceTree = "<group>"; };
		F421D4792B750EAE004ECBB0 /* trees.c */ = {isa = PBXFileReference; fileEncoding = 4; lastKnownFileType = sourcecode.c.c; path = trees.c; sourceTree = "<group>"; };
		F421D47A2B750EAE004ECBB0 /* inftrees.c */ = {isa = PBXFileReference; fileEncoding = 4; lastKnownFileType = sourcecode.c.c; path = inftrees.c; sourceTree = "<group>"; };
		F421D47B2B750EAE004ECBB0 /* uncompr.c */ = {isa = PBXFileReference; fileEncoding = 4; lastKnownFileType = sourcecode.c.c; path = uncompr.c; sourceTree = "<group>"; };
		F437AA902AC1BB64001E2230 /* hash.cpp */ = {isa = PBXFileReference; lastKnownFileType = sourcecode.cpp.cpp; path = hash.cpp; sourceTree = "<group>"; };
		F4B7FBDC2AAF49BC00C6BE9F /* UnitTests */ = {isa = PBXFileReference; explicitFileType = "compiled.mach-o.executable"; includeInIndex = 0; path = UnitTests; sourceTree = BUILT_PRODUCTS_DIR; };
		F4C07F4E2AB059300044EDC0 /* math.cpp */ = {isa = PBXFileReference; fileEncoding = 4; lastKnownFileType = sourcecode.cpp.cpp; path = math.cpp; sourceTree = "<group>"; };
		F4C07F502AB059580044EDC0 /* pch.hpp */ = {isa = PBXFileReference; fileEncoding = 4; lastKnownFileType = sourcecode.c.h; path = pch.hpp; sourceTree = "<group>"; };
		F4C07F512AB059580044EDC0 /* pch.cpp */ = {isa = PBXFileReference; fileEncoding = 4; lastKnownFileType = sourcecode.cpp.cpp; path = pch.cpp; sourceTree = "<group>"; };
		F4C07F532AB05A240044EDC0 /* compat.hpp */ = {isa = PBXFileReference; lastKnownFileType = sourcecode.cpp.h; path = compat.hpp; sourceTree = "<group>"; };
		F4C07F542AB05B5B0044EDC0 /* main.cpp */ = {isa = PBXFileReference; lastKnownFileType = sourcecode.cpp.cpp; path = main.cpp; sourceTree = "<group>"; };
		F4C07F562AB08E690044EDC0 /* parser.cpp */ = {isa = PBXFileReference; fileEncoding = 4; lastKnownFileType = sourcecode.cpp.cpp; path = parser.cpp; sourceTree = "<group>"; };
		F4C07F572AB08E690044EDC0 /* unicode.cpp */ = {isa = PBXFileReference; fileEncoding = 4; lastKnownFileType = sourcecode.cpp.cpp; path = unicode.cpp; sourceTree = "<group>"; };
		F4C07F582AB08E690044EDC0 /* sgml.cpp */ = {isa = PBXFileReference; fileEncoding = 4; lastKnownFileType = sourcecode.cpp.cpp; path = sgml.cpp; sourceTree = "<group>"; };
		F4C07F592AB08E690044EDC0 /* ring.cpp */ = {isa = PBXFileReference; fileEncoding = 4; lastKnownFileType = sourcecode.cpp.cpp; path = ring.cpp; sourceTree = "<group>"; };
		F4C07F5A2AB08E690044EDC0 /* stream.cpp */ = {isa = PBXFileReference; fileEncoding = 4; lastKnownFileType = sourcecode.cpp.cpp; path = stream.cpp; sourceTree = "<group>"; };
		F4CCA3B62B73B912007B857B /* watchdog.cpp */ = {isa = PBXFileReference; lastKnownFileType = sourcecode.cpp.cpp; path = watchdog.cpp; sourceTree = "<group>"; };
		F4CCA3B72B73B940007B857B /* pool.cpp */ = {isa = PBXFileReference; lastKnownFileType = sourcecode.cpp.cpp; path = pool.cpp; sourceTree = "<group>"; };
		F4CCA3B82B73D2E2007B857B /* string.cpp */ = {isa = PBXFileReference; lastKnownFileType = sourcecode.cpp.cpp; path = string.cpp; sourceTree = "<group>"; };
/* End PBXFileReference section */

/* Begin PBXFrameworksBuildPhase section */
		F4B7FBD92AAF49BC00C6BE9F /* Frameworks */ = {
			isa = PBXFrameworksBuildPhase;
			buildActionMask = 2147483647;
			files = (
			);
			runOnlyForDeploymentPostprocessing = 0;
		};
/* End PBXFrameworksBuildPhase section */

/* Begin PBXGroup section */
		F4213D162ABB14AA00F72674 /* stdex */ = {
			isa = PBXGroup;
			children = (
				F4213D182ABB14C600F72674 /* base64.hpp */,
				F4213D192ABB14C600F72674 /* chrono.hpp */,
				F4213D1C2ABB14C600F72674 /* compat.hpp */,
				F4213D272ABB14C600F72674 /* endian.hpp */,
				F4213D1D2ABB14C600F72674 /* errno.hpp */,
				F4213D1A2ABB14C600F72674 /* exception.hpp */,
				F4213D262ABB14C600F72674 /* hex.hpp */,
				F4213D1B2ABB14C600F72674 /* idrec.hpp */,
				F4213D212ABB14C600F72674 /* interval.hpp */,
				F4213D252ABB14C600F72674 /* mapping.hpp */,
				F4213D282ABB14C600F72674 /* math.hpp */,
				F4213D202ABB14C600F72674 /* memory.hpp */,
				F4213D292ABB14C600F72674 /* parser.hpp */,
				F4213D1E2ABB14C600F72674 /* progress.hpp */,
				F4213D222ABB14C600F72674 /* ring.hpp */,
				F4213D2A2ABB14C600F72674 /* sgml_unicode.hpp */,
				F4213D2B2ABB14C600F72674 /* sgml.hpp */,
				F4213D1F2ABB14C600F72674 /* stream.hpp */,
				F4213D242ABB14C600F72674 /* string.hpp */,
				F4213D2C2ABB14C600F72674 /* system.hpp */,
				F4213D232ABB14C600F72674 /* unicode.hpp */,
				F4213D172ABB14C600F72674 /* vector_queue.hpp */,
			);
			name = stdex;
			sourceTree = "<group>";
		};
		F421D46E2B750D3A004ECBB0 /* zlib */ = {
			isa = PBXGroup;
			children = (
				F421D46F2B750E0F004ECBB0 /* adler32.c */,
				F421D4712B750E18004ECBB0 /* compress.c */,
				F421D4732B750E21004ECBB0 /* crc32.c */,
				F421D4762B750EAE004ECBB0 /* deflate.c */,
				F421D4772B750EAE004ECBB0 /* inffast.c */,
				F421D4752B750EAE004ECBB0 /* inflate.c */,
				F421D47A2B750EAE004ECBB0 /* inftrees.c */,
				F421D4792B750EAE004ECBB0 /* trees.c */,
				F421D47B2B750EAE004ECBB0 /* uncompr.c */,
				F421D4782B750EAE004ECBB0 /* zutil.c */,
			);
			path = zlib;
			sourceTree = "<group>";
		};
		F4B7FBD32AAF49BC00C6BE9F = {
			isa = PBXGroup;
			children = (
				F4C07F532AB05A240044EDC0 /* compat.hpp */,
				F437AA902AC1BB64001E2230 /* hash.cpp */,
				F4C07F542AB05B5B0044EDC0 /* main.cpp */,
				F4C07F4E2AB059300044EDC0 /* math.cpp */,
				F4C07F562AB08E690044EDC0 /* parser.cpp */,
				F4C07F512AB059580044EDC0 /* pch.cpp */,
				F4C07F502AB059580044EDC0 /* pch.hpp */,
				F4CCA3B72B73B940007B857B /* pool.cpp */,
				F4B7FBDD2AAF49BC00C6BE9F /* Products */,
				F4C07F592AB08E690044EDC0 /* ring.cpp */,
				F4C07F582AB08E690044EDC0 /* sgml.cpp */,
				F4213D162ABB14AA00F72674 /* stdex */,
				F4C07F5A2AB08E690044EDC0 /* stream.cpp */,
				F4CCA3B82B73D2E2007B857B /* string.cpp */,
				F4C07F572AB08E690044EDC0 /* unicode.cpp */,
				F4CCA3B62B73B912007B857B /* watchdog.cpp */,
				F421D46E2B750D3A004ECBB0 /* zlib */,
				F421D46B2B750BFD004ECBB0 /* zlib.cpp */,
			);
			sourceTree = "<group>";
			usesTabs = 1;
		};
		F4B7FBDD2AAF49BC00C6BE9F /* Products */ = {
			isa = PBXGroup;
			children = (
				F4B7FBDC2AAF49BC00C6BE9F /* UnitTests */,
			);
			name = Products;
			sourceTree = "<group>";
		};
/* End PBXGroup section */

/* Begin PBXNativeTarget section */
		F4B7FBDB2AAF49BC00C6BE9F /* UnitTests */ = {
			isa = PBXNativeTarget;
			buildConfigurationList = F4B7FBE32AAF49BC00C6BE9F /* Build configuration list for PBXNativeTarget "UnitTests" */;
			buildPhases = (
				F4B7FBD82AAF49BC00C6BE9F /* Sources */,
				F4B7FBD92AAF49BC00C6BE9F /* Frameworks */,
				F4B7FBDA2AAF49BC00C6BE9F /* CopyFiles */,
			);
			buildRules = (
			);
			dependencies = (
			);
			name = UnitTests;
			productName = UnitTests;
			productReference = F4B7FBDC2AAF49BC00C6BE9F /* UnitTests */;
			productType = "com.apple.product-type.tool";
		};
/* End PBXNativeTarget section */

/* Begin PBXProject section */
		F4B7FBD42AAF49BC00C6BE9F /* Project object */ = {
			isa = PBXProject;
			attributes = {
				BuildIndependentTargetsInParallel = 1;
				LastUpgradeCheck = 1430;
				TargetAttributes = {
					F4B7FBDB2AAF49BC00C6BE9F = {
						CreatedOnToolsVersion = 14.3.1;
					};
				};
			};
			buildConfigurationList = F4B7FBD72AAF49BC00C6BE9F /* Build configuration list for PBXProject "UnitTests" */;
			compatibilityVersion = "Xcode 13.0";
			developmentRegion = en;
			hasScannedForEncodings = 0;
			knownRegions = (
				en,
				Base,
			);
			mainGroup = F4B7FBD32AAF49BC00C6BE9F;
			productRefGroup = F4B7FBDD2AAF49BC00C6BE9F /* Products */;
			projectDirPath = "";
			projectRoot = "";
			targets = (
				F4B7FBDB2AAF49BC00C6BE9F /* UnitTests */,
			);
		};
/* End PBXProject section */

/* Begin PBXSourcesBuildPhase section */
		F4B7FBD82AAF49BC00C6BE9F /* Sources */ = {
			isa = PBXSourcesBuildPhase;
			buildActionMask = 2147483647;
			files = (
				F421D47F2B750EAE004ECBB0 /* zutil.c in Sources */,
				F4C07F552AB05B5B0044EDC0 /* main.cpp in Sources */,
				F4C07F522AB059580044EDC0 /* pch.cpp in Sources */,
				F421D4802B750EAE004ECBB0 /* trees.c in Sources */,
				F421D47D2B750EAE004ECBB0 /* deflate.c in Sources */,
				F421D4702B750E0F004ECBB0 /* adler32.c in Sources */,
				F421D4822B750EAE004ECBB0 /* uncompr.c in Sources */,
				F421D4742B750E21004ECBB0 /* crc32.c in Sources */,
				F421D47E2B750EAE004ECBB0 /* inffast.c in Sources */,
				F421D4722B750E18004ECBB0 /* compress.c in Sources */,
				F421D4812B750EAE004ECBB0 /* inftrees.c in Sources */,
				F421D47C2B750EAE004ECBB0 /* inflate.c in Sources */,
			);
			runOnlyForDeploymentPostprocessing = 0;
		};
/* End PBXSourcesBuildPhase section */

/* Begin XCBuildConfiguration section */
		F4B7FBE12AAF49BC00C6BE9F /* Debug */ = {
			isa = XCBuildConfiguration;
			buildSettings = {
				ALWAYS_SEARCH_USER_PATHS = NO;
				CLANG_ANALYZER_NONNULL = YES;
				CLANG_ANALYZER_NUMBER_OBJECT_CONVERSION = YES_AGGRESSIVE;
				CLANG_CXX_LANGUAGE_STANDARD = "c++17";
				CLANG_ENABLE_MODULES = YES;
				CLANG_ENABLE_OBJC_ARC = YES;
				CLANG_ENABLE_OBJC_WEAK = YES;
				CLANG_WARN_BLOCK_CAPTURE_AUTORELEASING = YES;
				CLANG_WARN_BOOL_CONVERSION = YES;
				CLANG_WARN_COMMA = YES;
				CLANG_WARN_CONSTANT_CONVERSION = YES;
				CLANG_WARN_DEPRECATED_OBJC_IMPLEMENTATIONS = YES;
				CLANG_WARN_DIRECT_OBJC_ISA_USAGE = YES_ERROR;
				CLANG_WARN_DOCUMENTATION_COMMENTS = YES;
				CLANG_WARN_EMPTY_BODY = YES;
				CLANG_WARN_ENUM_CONVERSION = YES;
				CLANG_WARN_INFINITE_RECURSION = YES;
				CLANG_WARN_INT_CONVERSION = YES;
				CLANG_WARN_NON_LITERAL_NULL_CONVERSION = YES;
				CLANG_WARN_OBJC_IMPLICIT_RETAIN_SELF = YES;
				CLANG_WARN_OBJC_LITERAL_CONVERSION = YES;
				CLANG_WARN_OBJC_ROOT_CLASS = YES_ERROR;
				CLANG_WARN_QUOTED_INCLUDE_IN_FRAMEWORK_HEADER = YES;
				CLANG_WARN_RANGE_LOOP_ANALYSIS = YES;
				CLANG_WARN_STRICT_PROTOTYPES = YES;
				CLANG_WARN_SUSPICIOUS_MOVE = YES;
				CLANG_WARN_UNGUARDED_AVAILABILITY = YES_AGGRESSIVE;
				CLANG_WARN_UNREACHABLE_CODE = YES;
				CLANG_WARN__DUPLICATE_METHOD_MATCH = YES;
				COPY_PHASE_STRIP = NO;
				DEBUG_INFORMATION_FORMAT = dwarf;
				ENABLE_STRICT_OBJC_MSGSEND = YES;
				ENABLE_TESTABILITY = YES;
				GCC_C_LANGUAGE_STANDARD = gnu11;
				GCC_DYNAMIC_NO_PIC = NO;
				GCC_NO_COMMON_BLOCKS = YES;
				GCC_OPTIMIZATION_LEVEL = 0;
				GCC_PREPROCESSOR_DEFINITIONS = (
					"DEBUG=1",
					"$(inherited)",
				);
				GCC_WARN_64_TO_32_BIT_CONVERSION = YES;
				GCC_WARN_ABOUT_RETURN_TYPE = YES_ERROR;
				GCC_WARN_UNDECLARED_SELECTOR = YES;
				GCC_WARN_UNINITIALIZED_AUTOS = YES_AGGRESSIVE;
				GCC_WARN_UNUSED_FUNCTION = YES;
				GCC_WARN_UNUSED_VARIABLE = YES;
				HEADER_SEARCH_PATHS = ../include;
				MACOSX_DEPLOYMENT_TARGET = 10.15;
				MTL_ENABLE_DEBUG_INFO = INCLUDE_SOURCE;
				MTL_FAST_MATH = YES;
				ONLY_ACTIVE_ARCH = YES;
				OTHER_LDFLAGS = "-liconv";
				SDKROOT = macosx;
			};
			name = Debug;
		};
		F4B7FBE22AAF49BC00C6BE9F /* Release */ = {
			isa = XCBuildConfiguration;
			buildSettings = {
				ALWAYS_SEARCH_USER_PATHS = NO;
				CLANG_ANALYZER_NONNULL = YES;
				CLANG_ANALYZER_NUMBER_OBJECT_CONVERSION = YES_AGGRESSIVE;
				CLANG_CXX_LANGUAGE_STANDARD = "c++17";
				CLANG_ENABLE_MODULES = YES;
				CLANG_ENABLE_OBJC_ARC = YES;
				CLANG_ENABLE_OBJC_WEAK = YES;
				CLANG_WARN_BLOCK_CAPTURE_AUTORELEASING = YES;
				CLANG_WARN_BOOL_CONVERSION = YES;
				CLANG_WARN_COMMA = YES;
				CLANG_WARN_CONSTANT_CONVERSION = YES;
				CLANG_WARN_DEPRECATED_OBJC_IMPLEMENTATIONS = YES;
				CLANG_WARN_DIRECT_OBJC_ISA_USAGE = YES_ERROR;
				CLANG_WARN_DOCUMENTATION_COMMENTS = YES;
				CLANG_WARN_EMPTY_BODY = YES;
				CLANG_WARN_ENUM_CONVERSION = YES;
				CLANG_WARN_INFINITE_RECURSION = YES;
				CLANG_WARN_INT_CONVERSION = YES;
				CLANG_WARN_NON_LITERAL_NULL_CONVERSION = YES;
				CLANG_WARN_OBJC_IMPLICIT_RETAIN_SELF = YES;
				CLANG_WARN_OBJC_LITERAL_CONVERSION = YES;
				CLANG_WARN_OBJC_ROOT_CLASS = YES_ERROR;
				CLANG_WARN_QUOTED_INCLUDE_IN_FRAMEWORK_HEADER = YES;
				CLANG_WARN_RANGE_LOOP_ANALYSIS = YES;
				CLANG_WARN_STRICT_PROTOTYPES = YES;
				CLANG_WARN_SUSPICIOUS_MOVE = YES;
				CLANG_WARN_UNGUARDED_AVAILABILITY = YES_AGGRESSIVE;
				CLANG_WARN_UNREACHABLE_CODE = YES;
				CLANG_WARN__DUPLICATE_METHOD_MATCH = YES;
				COPY_PHASE_STRIP = NO;
				DEBUG_INFORMATION_FORMAT = "dwarf-with-dsym";
				ENABLE_NS_ASSERTIONS = NO;
				ENABLE_STRICT_OBJC_MSGSEND = YES;
				GCC_C_LANGUAGE_STANDARD = gnu11;
				GCC_NO_COMMON_BLOCKS = YES;
				GCC_WARN_64_TO_32_BIT_CONVERSION = YES;
				GCC_WARN_ABOUT_RETURN_TYPE = YES_ERROR;
				GCC_WARN_UNDECLARED_SELECTOR = YES;
				GCC_WARN_UNINITIALIZED_AUTOS = YES_AGGRESSIVE;
				GCC_WARN_UNUSED_FUNCTION = YES;
				GCC_WARN_UNUSED_VARIABLE = YES;
				HEADER_SEARCH_PATHS = ../include;
				MACOSX_DEPLOYMENT_TARGET = 10.15;
				MTL_ENABLE_DEBUG_INFO = NO;
				MTL_FAST_MATH = YES;
				OTHER_LDFLAGS = "-liconv";
				SDKROOT = macosx;
			};
			name = Release;
		};
		F4B7FBE42AAF49BC00C6BE9F /* Debug */ = {
			isa = XCBuildConfiguration;
			buildSettings = {
				CODE_SIGN_STYLE = Automatic;
				PRODUCT_NAME = "$(TARGET_NAME)";
			};
			name = Debug;
		};
		F4B7FBE52AAF49BC00C6BE9F /* Release */ = {
			isa = XCBuildConfiguration;
			buildSettings = {
				CODE_SIGN_STYLE = Automatic;
				PRODUCT_NAME = "$(TARGET_NAME)";
			};
			name = Release;
		};
/* End XCBuildConfiguration section */

/* Begin XCConfigurationList section */
		F4B7FBD72AAF49BC00C6BE9F /* Build configuration list for PBXProject "UnitTests" */ = {
			isa = XCConfigurationList;
			buildConfigurations = (
				F4B7FBE12AAF49BC00C6BE9F /* Debug */,
				F4B7FBE22AAF49BC00C6BE9F /* Release */,
			);
			defaultConfigurationIsVisible = 0;
			defaultConfigurationName = Release;
		};
		F4B7FBE32AAF49BC00C6BE9F /* Build configuration list for PBXNativeTarget "UnitTests" */ = {
			isa = XCConfigurationList;
			buildConfigurations = (
				F4B7FBE42AAF49BC00C6BE9F /* Debug */,
				F4B7FBE52AAF49BC00C6BE9F /* Release */,
			);
			defaultConfigurationIsVisible = 0;
			defaultConfigurationName = Release;
		};
/* End XCConfigurationList section */
	};
	rootObject = F4B7FBD42AAF49BC00C6BE9F /* Project object */;
}
